
Microsoft Visual Studio Solution File, Format Version 12.00
# Visual Studio Version 16
VisualStudioVersion = 16.0.31205.134
MinimumVisualStudioVersion = 10.0.40219.1
Project("{FAE04EC0-301F-11D3-BF4B-00C04F79EFBC}") = "AngularBlog.API", "AngularBlog.API\AngularBlog.API.csproj", "{FF8BFCCD-120F-4ACF-A851-81D1880CE8BD}"
EndProject
Global
	GlobalSection(SolutionConfigurationPlatforms) = preSolution
		Debug|Any CPU = Debug|Any CPU
		Release|Any CPU = Release|Any CPU
	EndGlobalSection
	GlobalSection(ProjectConfigurationPlatforms) = postSolution
		{FF8BFCCD-120F-4ACF-A851-81D1880CE8BD}.Debug|Any CPU.ActiveCfg = Debug|Any CPU
		{FF8BFCCD-120F-4ACF-A851-81D1880CE8BD}.Debug|Any CPU.Build.0 = Debug|Any CPU
		{FF8BFCCD-120F-4ACF-A851-81D1880CE8BD}.Release|Any CPU.ActiveCfg = Release|Any CPU
		{FF8BFCCD-120F-4ACF-A851-81D1880CE8BD}.Release|Any CPU.Build.0 = Release|Any CPU
	EndGlobalSection
	GlobalSection(SolutionProperties) = preSolution
		HideSolutionNode = FALSE
	EndGlobalSection
	GlobalSection(ExtensibilityGlobals) = postSolution
		SolutionGuid = {8BEF3011-6926-4782-A0F6-56990C404C4F}
	EndGlobalSection
EndGlobal
